# THIS IS AN AUTOGENERATED FILE. DO NOT EDIT THIS FILE DIRECTLY.
# yarn lockfile v1


browserslist@4.20.2:
  version "4.20.2"
  resolved "https://registry.yarnpkg.com/browserslist/-/browserslist-4.20.2.tgz#567b41508757ecd904dab4d1c646c612cd3d4f88"
  integrity sha512-CQOBCqp/9pDvDbx3xfMi+86pr4KXIf2FDkTTdeuYw8OxS9t898LA1Khq57gtufFILXpfgsSx5woNgsBgvGjpsA==
  dependencies:
    caniuse-lite "^1.0.30001317"
    electron-to-chromium "^1.4.84"
    escalade "^3.1.1"
    node-releases "^2.0.2"
    picocolors "^1.0.0"

caniuse-lite@^1.0.30001317:
  version "1.0.30001319"
  resolved "https://registry.yarnpkg.com/caniuse-lite/-/caniuse-lite-1.0.30001319.tgz#eb4da4eb3ecdd409f7ba1907820061d56096e88f"
  integrity sha512-xjlIAFHucBRSMUo1kb5D4LYgcN1M45qdKP++lhqowDpwJwGkpIRTt5qQqnhxjj1vHcI7nrJxWhCC1ATrCEBTcw==

electron-to-chromium@^1.4.84:
  version "1.4.88"
  resolved "https://registry.yarnpkg.com/electron-to-chromium/-/electron-to-chromium-1.4.88.tgz#ebe6a2573b563680c7a7bf3a51b9e465c9c501db"
  integrity sha512-oA7mzccefkvTNi9u7DXmT0LqvhnOiN2BhSrKerta7HeUC1cLoIwtbf2wL+Ah2ozh5KQd3/1njrGrwDBXx6d14Q==

escalade@^3.1.1:
  version "3.1.1"
  resolved "https://registry.yarnpkg.com/escalade/-/escalade-3.1.1.tgz#d8cfdc7000965c5a0174b4a82eaa5c0552742e40"
  integrity sha512-k0er2gUkLf8O0zKJiAhmkTnJlTvINGv7ygDNPbeIsX/TJjGJZHuh9B2UxbsaEkmlEo9MfhrSzmhIlhRlI2GXnw==

node-releases@^2.0.2:
  version "2.0.2"
  resolved "https://registry.yarnpkg.com/node-releases/-/node-releases-2.0.2.tgz#7139fe71e2f4f11b47d4d2986aaf8c48699e0c01"
  integrity sha512-XxYDdcQ6eKqp/YjI+tb2C5WM2LgjnZrfYg4vgQt49EK268b6gYCHsBLrK2qvJo4FmCtqmKezb0WZFK4fkrZNsg==

picocolors@^1.0.0:
  version "1.0.0"
  resolved "https://registry.yarnpkg.com/picocolors/-/picocolors-1.0.0.tgz#cb5bdc74ff3f51892236eaf79d68bc44564ab81c"
  integrity sha512-1fygroTLlHu66zi26VoTDv8yRgm0Fccecssto+MhsZ0D/DGW2sm8E8AjW7NU5VVTRt5GxbeZ5qBuJr+HyLYkjQ==
