# THIS IS AN AUTOGENERATED FILE. DO NOT EDIT THIS FILE DIRECTLY.
# yarn lockfile v1


browserslist@4.16.1:
  version "4.16.1"
  resolved "https://registry.yarnpkg.com/browserslist/-/browserslist-4.16.1.tgz#bf757a2da376b3447b800a16f0f1c96358138766"
  integrity sha512-UXhDrwqsNcpTYJBTZsbGATDxZbiVDsx6UjpmRUmtnP10pr8wAYr5LgFoEFw9ixriQH2mv/NX2SfGzE/o8GndLA==
  dependencies:
    caniuse-lite "^1.0.30001173"
    colorette "^1.2.1"
    electron-to-chromium "^1.3.634"
    escalade "^3.1.1"
    node-releases "^1.1.69"

caniuse-lite@^1.0.30001173:
  version "1.0.30001173"
  resolved "https://registry.yarnpkg.com/caniuse-lite/-/caniuse-lite-1.0.30001173.tgz#3c47bbe3cd6d7a9eda7f50ac016d158005569f56"
  integrity sha512-R3aqmjrICdGCTAnSXtNyvWYMK3YtV5jwudbq0T7nN9k4kmE4CBuwPqyJ+KBzepSTh0huivV2gLbSMEzTTmfeYw==

colorette@^1.2.1:
  version "1.2.1"
  resolved "https://registry.yarnpkg.com/colorette/-/colorette-1.2.1.tgz#4d0b921325c14faf92633086a536db6e89564b1b"
  integrity sha512-puCDz0CzydiSYOrnXpz/PKd69zRrribezjtE9yd4zvytoRc8+RY/KJPvtPFKZS3E3wP6neGyMe0vOTlHO5L3Pw==

electron-to-chromium@^1.3.634:
  version "1.3.634"
  resolved "https://registry.yarnpkg.com/electron-to-chromium/-/electron-to-chromium-1.3.634.tgz#82ea400f520f739c4f6ff00c1f7524827a917d25"
  integrity sha512-QPrWNYeE/A0xRvl/QP3E0nkaEvYUvH3gM04ZWYtIa6QlSpEetRlRI1xvQ7hiMIySHHEV+mwDSX8Kj4YZY6ZQAw==

escalade@^3.1.1:
  version "3.1.1"
  resolved "https://registry.yarnpkg.com/escalade/-/escalade-3.1.1.tgz#d8cfdc7000965c5a0174b4a82eaa5c0552742e40"
  integrity sha512-k0er2gUkLf8O0zKJiAhmkTnJlTvINGv7ygDNPbeIsX/TJjGJZHuh9B2UxbsaEkmlEo9MfhrSzmhIlhRlI2GXnw==

node-releases@^1.1.69:
  version "1.1.69"
  resolved "https://registry.yarnpkg.com/node-releases/-/node-releases-1.1.69.tgz#3149dbde53b781610cd8b486d62d86e26c3725f6"
  integrity sha512-DGIjo79VDEyAnRlfSqYTsy+yoHd2IOjJiKUozD2MV2D85Vso6Bug56mb9tT/fY5Urt0iqk01H7x+llAruDR2zA==
