# THIS IS AN AUTOGENERATED FILE. DO NOT EDIT THIS FILE DIRECTLY.
# yarn lockfile v1


lodash@^4.17.14, lodash@^4.17.15:
  version "4.17.21"
  resolved "https://registry.yarnpkg.com/lodash/-/lodash-4.17.21.tgz#679591c564c3bffaae8454cf0b3df370c3d6911c"
  integrity sha512-v2kDEe57lecTulaDIuNTPy3Ry4gLGJ6Z1O3vE1krgXZNrsQ+LFTGHVxVjcXPs17LhbZVGedAJv8XZ1tvj5FvSg==

picocolors@^0.2.1:
  version "0.2.1"
  resolved "https://registry.yarnpkg.com/picocolors/-/picocolors-0.2.1.tgz#570670f793646851d1ba135996962abad587859f"
  integrity sha512-cMlDqaLEqfSaW8Z7N5Jw+lyIW869EzT73/F5lhtY9cLGoVxSXznfgfXMO0Z5K0o0Q2TkTXq+0KFsdnSe3jDViA==

postcss-sorting@^5.0.1:
  version "5.0.1"
  resolved "https://registry.yarnpkg.com/postcss-sorting/-/postcss-sorting-5.0.1.tgz#10d5d0059eea8334dacc820c0121864035bc3f11"
  integrity sha512-Y9fUFkIhfrm6i0Ta3n+89j56EFqaNRdUKqXyRp6kvTcSXnmgEjaVowCXH+JBe9+YKWqd4nc28r2sgwnzJalccA==
  dependencies:
    lodash "^4.17.14"
    postcss "^7.0.17"

postcss@^7.0.17, postcss@^7.0.31:
  version "7.0.39"
  resolved "https://registry.yarnpkg.com/postcss/-/postcss-7.0.39.tgz#9624375d965630e2e1f2c02a935c82a59cb48309"
  integrity sha512-yioayjNbHn6z1/Bywyb2Y4s3yvDAeXGOyxqD+LnVOinq6Mdmd++SW2wUNVzavyyHxd6+DxzWGIuosg6P1Rj8uA==
  dependencies:
    picocolors "^0.2.1"
    source-map "^0.6.1"

source-map@^0.6.1:
  version "0.6.1"
  resolved "https://registry.yarnpkg.com/source-map/-/source-map-0.6.1.tgz#74722af32e9614e9c287a8d0bbde48b5e2f1a263"
  integrity sha512-UjgapumWlbMhkBgzT7Ykc5YXUT46F0iKu8SGXq0bcwP5dz/h0Plj6enJqjz1Zbq2l5WaqYnrVbwWOWMyF3F47g==

stylelint-order@4.1.0:
  version "4.1.0"
  resolved "https://registry.yarnpkg.com/stylelint-order/-/stylelint-order-4.1.0.tgz#692d05b7d0c235ac66fcf5ea1d9e5f08a76747f6"
  integrity sha512-sVTikaDvMqg2aJjh4r48jsdfmqLT+nqB1MOsaBnvM3OwLx4S+WXcsxsgk5w18h/OZoxZCxuyXMh61iBHcj9Qiw==
  dependencies:
    lodash "^4.17.15"
    postcss "^7.0.31"
    postcss-sorting "^5.0.1"
