# THIS IS AN AUTOGENERATED FILE. DO NOT EDIT THIS FILE DIRECTLY.
# yarn lockfile v1


nanoid@^3.1.30:
  version "3.1.30"
  resolved "https://registry.yarnpkg.com/nanoid/-/nanoid-3.1.30.tgz#63f93cc548d2a113dc5dfbc63bfa09e2b9b64362"
  integrity sha512-zJpuPDwOv8D2zq2WRoMe1HsfZthVewpel9CAvTfc/2mBD1uUT/agc5f7GHGWXlYkFvi1mVxe4IjvP2HNrop7nQ==

picocolors@^1.0.0:
  version "1.0.0"
  resolved "https://registry.yarnpkg.com/picocolors/-/picocolors-1.0.0.tgz#cb5bdc74ff3f51892236eaf79d68bc44564ab81c"
  integrity sha512-1fygroTLlHu66zi26VoTDv8yRgm0Fccecssto+MhsZ0D/DGW2sm8E8AjW7NU5VVTRt5GxbeZ5qBuJr+HyLYkjQ==

postcss-sorting@^7.0.1:
  version "7.0.1"
  resolved "https://registry.yarnpkg.com/postcss-sorting/-/postcss-sorting-7.0.1.tgz#923b5268451cf2d93ebf8835e17a6537757049a5"
  integrity sha512-iLBFYz6VRYyLJEJsBJ8M3TCqNcckVzz4wFounSc5Oez35ogE/X+aoC5fFu103Ot7NyvjU3/xqIXn93Gp3kJk4g==

postcss@^8.3.11:
  version "8.3.11"
  resolved "https://registry.yarnpkg.com/postcss/-/postcss-8.3.11.tgz#c3beca7ea811cd5e1c4a3ec6d2e7599ef1f8f858"
  integrity sha512-hCmlUAIlUiav8Xdqw3Io4LcpA1DOt7h3LSTAC4G6JGHFFaWzI6qvFt9oilvl8BmkbBRX1IhM90ZAmpk68zccQA==
  dependencies:
    nanoid "^3.1.30"
    picocolors "^1.0.0"
    source-map-js "^0.6.2"

source-map-js@^0.6.2:
  version "0.6.2"
  resolved "https://registry.yarnpkg.com/source-map-js/-/source-map-js-0.6.2.tgz#0bb5de631b41cfbda6cfba8bd05a80efdfd2385e"
  integrity sha512-/3GptzWzu0+0MBQFrDKzw/DvvMTUORvgY6k6jd/VS6iCR4RDTKWH6v6WPwQoUO8667uQEf9Oe38DxAYWY5F/Ug==

stylelint-order@5.0.0:
  version "5.0.0"
  resolved "https://registry.yarnpkg.com/stylelint-order/-/stylelint-order-5.0.0.tgz#abd20f6b85ac640774cbe40e70d3fe9c6fdf4400"
  integrity sha512-OWQ7pmicXufDw5BlRqzdz3fkGKJPgLyDwD1rFY3AIEfIH/LQY38Vu/85v8/up0I+VPiuGRwbc2Hg3zLAsJaiyw==
  dependencies:
    postcss "^8.3.11"
    postcss-sorting "^7.0.1"
