# THIS IS AN AUTOGENERATED FILE. DO NOT EDIT THIS FILE DIRECTLY.
# yarn lockfile v1


cssesc@^3.0.0:
  version "3.0.0"
  resolved "https://registry.yarnpkg.com/cssesc/-/cssesc-3.0.0.tgz#37741919903b868565e1c09ea747445cd18983ee"
  integrity sha512-/Tb/JcjK111nNScGob5MNtsntNM1aCNUDipB/TkwZFhyDrrE47SOx/18wF2bbjgc3ZzCSKW1T5nt5EbFoAz/Vg==

fast-diff@^1.1.2:
  version "1.3.0"
  resolved "https://registry.yarnpkg.com/fast-diff/-/fast-diff-1.3.0.tgz#ece407fa550a64d638536cd727e129c61616e0f0"
  integrity sha512-VxPP4NqbUjj6MaAOafWeUn2cXWLcCtljklUtZf0Ind4XQ+QPtmA0b18zZy0jIQx+ExRVCR/ZQpBmik5lXshNsw==

known-css-properties@^0.29.0:
  version "0.29.0"
  resolved "https://registry.yarnpkg.com/known-css-properties/-/known-css-properties-0.29.0.tgz#e8ba024fb03886f23cb882e806929f32d814158f"
  integrity sha512-Ne7wqW7/9Cz54PDt4I3tcV+hAyat8ypyOGzYRJQfdxnnjeWsTxt1cy8pjvvKeI5kfXuyvULyeeAvwvvtAX3ayQ==

nanoid@^3.3.7:
  version "3.3.7"
  resolved "https://registry.yarnpkg.com/nanoid/-/nanoid-3.3.7.tgz#d0c301a691bc8d54efa0a2226ccf3fe2fd656bd8"
  integrity sha512-eSRppjcPIatRIMC1U6UngP8XFcz8MQWGQdt1MTBQ7NaAmvXDfvNxbvWV3x2y6CdEUciCSsDHDQZbhYaB8QEo2g==

picocolors@^1.0.0:
  version "1.0.0"
  resolved "https://registry.yarnpkg.com/picocolors/-/picocolors-1.0.0.tgz#cb5bdc74ff3f51892236eaf79d68bc44564ab81c"
  integrity sha512-1fygroTLlHu66zi26VoTDv8yRgm0Fccecssto+MhsZ0D/DGW2sm8E8AjW7NU5VVTRt5GxbeZ5qBuJr+HyLYkjQ==

postcss-media-query-parser@^0.2.3:
  version "0.2.3"
  resolved "https://registry.yarnpkg.com/postcss-media-query-parser/-/postcss-media-query-parser-0.2.3.tgz#27b39c6f4d94f81b1a73b8f76351c609e5cef244"
  integrity sha512-3sOlxmbKcSHMjlUXQZKQ06jOswE7oVkXPxmZdoB1r5l0q6gTFTQSHxNxOrCccElbW7dxNytifNEo8qidX2Vsig==

postcss-resolve-nested-selector@^0.1.1:
  version "0.1.1"
  resolved "https://registry.yarnpkg.com/postcss-resolve-nested-selector/-/postcss-resolve-nested-selector-0.1.1.tgz#29ccbc7c37dedfac304e9fff0bf1596b3f6a0e4e"
  integrity sha512-HvExULSwLqHLgUy1rl3ANIqCsvMS0WHss2UOsXhXnQaZ9VCc2oBvIpXrl00IUFT5ZDITME0o6oiXeiHr2SAIfw==

postcss-scss@4.0.9:
  version "4.0.9"
  resolved "https://registry.yarnpkg.com/postcss-scss/-/postcss-scss-4.0.9.tgz#a03c773cd4c9623cb04ce142a52afcec74806685"
  integrity sha512-AjKOeiwAitL/MXxQW2DliT28EKukvvbEWx3LBmJIRN8KfBGZbRTxNYW0kSqi1COiTZ57nZ9NW06S6ux//N1c9A==

postcss-selector-parser@^6.0.13:
  version "6.0.13"
  resolved "https://registry.yarnpkg.com/postcss-selector-parser/-/postcss-selector-parser-6.0.13.tgz#d05d8d76b1e8e173257ef9d60b706a8e5e99bf1b"
  integrity sha512-EaV1Gl4mUEV4ddhDnv/xtj7sxwrwxdetHdWUGnT4VJQf+4d05v6lHYZr8N573k5Z0BViss7BDhfWtKS3+sfAqQ==
  dependencies:
    cssesc "^3.0.0"
    util-deprecate "^1.0.2"

postcss-sorting@^8.0.2:
  version "8.0.2"
  resolved "https://registry.yarnpkg.com/postcss-sorting/-/postcss-sorting-8.0.2.tgz#6393385ece272baf74bee9820fb1b58098e4eeca"
  integrity sha512-M9dkSrmU00t/jK7rF6BZSZauA5MAaBW4i5EnJXspMwt4iqTh/L9j6fgMnbElEOfyRyfLfVbIHj/R52zHzAPe1Q==

postcss-value-parser@^4.2.0:
  version "4.2.0"
  resolved "https://registry.yarnpkg.com/postcss-value-parser/-/postcss-value-parser-4.2.0.tgz#723c09920836ba6d3e5af019f92bc0971c02e514"
  integrity sha512-1NNCs6uurfkVbeXG4S8JFT9t19m45ICnif8zWLd5oPSZ50QnwMfK+H3jv408d4jw/7Bttv5axS5IiHoLaVNHeQ==

postcss@^8.4.32:
  version "8.4.32"
  resolved "https://registry.yarnpkg.com/postcss/-/postcss-8.4.32.tgz#1dac6ac51ab19adb21b8b34fd2d93a86440ef6c9"
  integrity sha512-D/kj5JNu6oo2EIy+XL/26JEDTlIbB8hw85G8StOE6L74RQAVVP5rej6wxCNqyMbR4RkPfqvezVbPw81Ngd6Kcw==
  dependencies:
    nanoid "^3.3.7"
    picocolors "^1.0.0"
    source-map-js "^1.0.2"

prettier-linter-helpers@^1.0.0:
  version "1.0.0"
  resolved "https://registry.yarnpkg.com/prettier-linter-helpers/-/prettier-linter-helpers-1.0.0.tgz#d23d41fe1375646de2d0104d3454a3008802cf7b"
  integrity sha512-GbK2cP9nraSSUF9N2XwUwqfzlAFlMNYYl+ShE/V+H8a9uNl/oUqB1w2EL54Jh0OlyRSd8RfWYJ3coVS4TROP2w==
  dependencies:
    fast-diff "^1.1.2"

prettier@3.1.1:
  version "3.1.1"
  resolved "https://registry.yarnpkg.com/prettier/-/prettier-3.1.1.tgz#6ba9f23165d690b6cbdaa88cb0807278f7019848"
  integrity sha512-22UbSzg8luF4UuZtzgiUOfcGM8s4tjBv6dJRT7j275NXsy2jb4aJa4NNveul5x4eqlF1wuhuR2RElK71RvmVaw==

source-map-js@^1.0.2:
  version "1.0.2"
  resolved "https://registry.yarnpkg.com/source-map-js/-/source-map-js-1.0.2.tgz#adbc361d9c62df380125e7f161f71c826f1e490c"
  integrity sha512-R0XvVJ9WusLiqTCEiGCmICCMplcCkIwwR11mOSD9CR5u+IXYdiseeEuXCVAjS54zqwkLcPNnmU4OeJ6tUrWhDw==

stylelint-order@6.0.4:
  version "6.0.4"
  resolved "https://registry.yarnpkg.com/stylelint-order/-/stylelint-order-6.0.4.tgz#3e80d876c61a98d2640de181433686f24284748b"
  integrity sha512-0UuKo4+s1hgQ/uAxlYU4h0o0HS4NiQDud0NAUNI0aa8FJdmYHA5ZZTFHiV5FpmE3071e9pZx5j0QpVJW5zOCUA==
  dependencies:
    postcss "^8.4.32"
    postcss-sorting "^8.0.2"

stylelint-prettier@4.1.0:
  version "4.1.0"
  resolved "https://registry.yarnpkg.com/stylelint-prettier/-/stylelint-prettier-4.1.0.tgz#1ac2ffa2971086fe60bc92af37f8ddda1bd1a7a4"
  integrity sha512-dd653q/d1IfvsSQshz1uAMe+XDm6hfM/7XiFH0htYY8Lse/s5ERTg7SURQehZPwVvm/rs7AsFhda9EQ2E9TS0g==
  dependencies:
    prettier-linter-helpers "^1.0.0"

stylelint-scss@5.3.2:
  version "5.3.2"
  resolved "https://registry.yarnpkg.com/stylelint-scss/-/stylelint-scss-5.3.2.tgz#c54564dfbd98de0c08742b9c43025cda91acf940"
  integrity sha512-4LzLaayFhFyneJwLo0IUa8knuIvj+zF0vBFueQs4e3tEaAMIQX8q5th8ziKkgOavr6y/y9yoBe+RXN/edwLzsQ==
  dependencies:
    known-css-properties "^0.29.0"
    postcss-media-query-parser "^0.2.3"
    postcss-resolve-nested-selector "^0.1.1"
    postcss-selector-parser "^6.0.13"
    postcss-value-parser "^4.2.0"

util-deprecate@^1.0.2:
  version "1.0.2"
  resolved "https://registry.yarnpkg.com/util-deprecate/-/util-deprecate-1.0.2.tgz#450d4dc9fa70de732762fbd2d4a28981419a0ccf"
  integrity sha512-EPD5q1uXyFxJpCrLnCc1nHnq3gOa6DZBocAIiI2TaSCA7VCJ1UJDMagCzIkXNsUYfD1daK//LTEQ8xiIbrHtcw==
